
Microsoft Visual Studio Solution File, Format Version 12.00
# Visual Studio 14
VisualStudioVersion = 14.0.25420.1
MinimumVisualStudioVersion = 10.0.40219.1
Project("{FAE04EC0-301F-11D3-BF4B-00C04F79EFBC}") = "Crossvertise.Calender.DAL.Domain", "Crossvertise.Calender.DAL.Domain\Crossvertise.Calender.DAL.Domain.csproj", "{612622FB-D433-4465-9A7D-DBEEAFE5B8A9}"
EndProject
Project("{FAE04EC0-301F-11D3-BF4B-00C04F79EFBC}") = "Crossvertise.Calender.DAL.EF", "Crossvertise.Calender.DAL.EF\Crossvertise.Calender.DAL.EF.csproj", "{E68E16BF-8F29-49B4-8B81-39CB5DAEA8E8}"
EndProject
Project("{FAE04EC0-301F-11D3-BF4B-00C04F79EFBC}") = "Crossvertise.Calender.BusinessServices.Core", "Crossvertise.Calender.BusinessServices.Core\Crossvertise.Calender.BusinessServices.Core.csproj", "{1CD3C95A-9ACD-4DCE-B511-75452A77701E}"
EndProject
Project("{FAE04EC0-301F-11D3-BF4B-00C04F79EFBC}") = "Crossvertise.Calender.BusinessServices.Implementation", "Crossvertise.Calender.BusinessServices.Implementation\Crossvertise.Calender.BusinessServices.Implementation.csproj", "{EFE6C435-E675-47D2-AF25-043CA9AD80F9}"
EndProject
Project("{FAE04EC0-301F-11D3-BF4B-00C04F79EFBC}") = "Crossvertise.Calender.WebApi", "Crossvertise.Calender.WebApi\Crossvertise.Calender.WebApi.csproj", "{6B1F74BB-4B0E-45F4-9D4A-13E1FF403E1D}"
EndProject
Project("{FAE04EC0-301F-11D3-BF4B-00C04F79EFBC}") = "Crossvertise.Calender.DependencyResolver", "Crossvertise.Calender.DependencyResolver\Crossvertise.Calender.DependencyResolver.csproj", "{3511259D-C90C-46E2-986D-24655F7F6EE2}"
EndProject
Project("{2150E333-8FDC-42A3-9474-1A3956D46DE8}") = "Backend", "Backend", "{B21A1F64-52A0-487A-8736-5DFF5ADE4639}"
EndProject
Project("{2150E333-8FDC-42A3-9474-1A3956D46DE8}") = "Tests", "Tests", "{1742B31E-121A-4100-B765-327FF63FDF7F}"
EndProject
Project("{2150E333-8FDC-42A3-9474-1A3956D46DE8}") = "Frontend", "Frontend", "{791DA3C7-C0B8-41D9-8F4E-7C8A7957F03F}"
EndProject
Project("{FAE04EC0-301F-11D3-BF4B-00C04F79EFBC}") = "Crossvertise.Calender.Tests.Common", "Crossvertise.Calender.Tests.Common\Crossvertise.Calender.Tests.Common.csproj", "{3E75320B-7FFF-4366-8CC4-723C41DF634E}"
EndProject
Project("{FAE04EC0-301F-11D3-BF4B-00C04F79EFBC}") = "Crossvertise.Calender.BusinessServices.Tests", "Crossvertise.Calender.BusinessServices.Tests\Crossvertise.Calender.BusinessServices.Tests.csproj", "{0632FE49-5148-46B1-9DC7-D9F784AA4594}"
EndProject
Global
	GlobalSection(SolutionConfigurationPlatforms) = preSolution
		Debug|Any CPU = Debug|Any CPU
		Release|Any CPU = Release|Any CPU
	EndGlobalSection
	GlobalSection(ProjectConfigurationPlatforms) = postSolution
		{612622FB-D433-4465-9A7D-DBEEAFE5B8A9}.Debug|Any CPU.ActiveCfg = Debug|Any CPU
		{612622FB-D433-4465-9A7D-DBEEAFE5B8A9}.Debug|Any CPU.Build.0 = Debug|Any CPU
		{612622FB-D433-4465-9A7D-DBEEAFE5B8A9}.Release|Any CPU.ActiveCfg = Release|Any CPU
		{612622FB-D433-4465-9A7D-DBEEAFE5B8A9}.Release|Any CPU.Build.0 = Release|Any CPU
		{E68E16BF-8F29-49B4-8B81-39CB5DAEA8E8}.Debug|Any CPU.ActiveCfg = Debug|Any CPU
		{E68E16BF-8F29-49B4-8B81-39CB5DAEA8E8}.Debug|Any CPU.Build.0 = Debug|Any CPU
		{E68E16BF-8F29-49B4-8B81-39CB5DAEA8E8}.Release|Any CPU.ActiveCfg = Release|Any CPU
		{E68E16BF-8F29-49B4-8B81-39CB5DAEA8E8}.Release|Any CPU.Build.0 = Release|Any CPU
		{1CD3C95A-9ACD-4DCE-B511-75452A77701E}.Debug|Any CPU.ActiveCfg = Debug|Any CPU
		{1CD3C95A-9ACD-4DCE-B511-75452A77701E}.Debug|Any CPU.Build.0 = Debug|Any CPU
		{1CD3C95A-9ACD-4DCE-B511-75452A77701E}.Release|Any CPU.ActiveCfg = Release|Any CPU
		{1CD3C95A-9ACD-4DCE-B511-75452A77701E}.Release|Any CPU.Build.0 = Release|Any CPU
		{EFE6C435-E675-47D2-AF25-043CA9AD80F9}.Debug|Any CPU.ActiveCfg = Debug|Any CPU
		{EFE6C435-E675-47D2-AF25-043CA9AD80F9}.Debug|Any CPU.Build.0 = Debug|Any CPU
		{EFE6C435-E675-47D2-AF25-043CA9AD80F9}.Release|Any CPU.ActiveCfg = Release|Any CPU
		{EFE6C435-E675-47D2-AF25-043CA9AD80F9}.Release|Any CPU.Build.0 = Release|Any CPU
		{6B1F74BB-4B0E-45F4-9D4A-13E1FF403E1D}.Debug|Any CPU.ActiveCfg = Debug|Any CPU
		{6B1F74BB-4B0E-45F4-9D4A-13E1FF403E1D}.Debug|Any CPU.Build.0 = Debug|Any CPU
		{6B1F74BB-4B0E-45F4-9D4A-13E1FF403E1D}.Release|Any CPU.ActiveCfg = Release|Any CPU
		{6B1F74BB-4B0E-45F4-9D4A-13E1FF403E1D}.Release|Any CPU.Build.0 = Release|Any CPU
		{3511259D-C90C-46E2-986D-24655F7F6EE2}.Debug|Any CPU.ActiveCfg = Debug|Any CPU
		{3511259D-C90C-46E2-986D-24655F7F6EE2}.Debug|Any CPU.Build.0 = Debug|Any CPU
		{3511259D-C90C-46E2-986D-24655F7F6EE2}.Release|Any CPU.ActiveCfg = Release|Any CPU
		{3511259D-C90C-46E2-986D-24655F7F6EE2}.Release|Any CPU.Build.0 = Release|Any CPU
		{3E75320B-7FFF-4366-8CC4-723C41DF634E}.Debug|Any CPU.ActiveCfg = Debug|Any CPU
		{3E75320B-7FFF-4366-8CC4-723C41DF634E}.Debug|Any CPU.Build.0 = Debug|Any CPU
		{3E75320B-7FFF-4366-8CC4-723C41DF634E}.Release|Any CPU.ActiveCfg = Release|Any CPU
		{3E75320B-7FFF-4366-8CC4-723C41DF634E}.Release|Any CPU.Build.0 = Release|Any CPU
		{0632FE49-5148-46B1-9DC7-D9F784AA4594}.Debug|Any CPU.ActiveCfg = Debug|Any CPU
		{0632FE49-5148-46B1-9DC7-D9F784AA4594}.Debug|Any CPU.Build.0 = Debug|Any CPU
		{0632FE49-5148-46B1-9DC7-D9F784AA4594}.Release|Any CPU.ActiveCfg = Release|Any CPU
		{0632FE49-5148-46B1-9DC7-D9F784AA4594}.Release|Any CPU.Build.0 = Release|Any CPU
	EndGlobalSection
	GlobalSection(SolutionProperties) = preSolution
		HideSolutionNode = FALSE
	EndGlobalSection
	GlobalSection(NestedProjects) = preSolution
		{612622FB-D433-4465-9A7D-DBEEAFE5B8A9} = {B21A1F64-52A0-487A-8736-5DFF5ADE4639}
		{E68E16BF-8F29-49B4-8B81-39CB5DAEA8E8} = {B21A1F64-52A0-487A-8736-5DFF5ADE4639}
		{1CD3C95A-9ACD-4DCE-B511-75452A77701E} = {B21A1F64-52A0-487A-8736-5DFF5ADE4639}
		{EFE6C435-E675-47D2-AF25-043CA9AD80F9} = {B21A1F64-52A0-487A-8736-5DFF5ADE4639}
		{6B1F74BB-4B0E-45F4-9D4A-13E1FF403E1D} = {B21A1F64-52A0-487A-8736-5DFF5ADE4639}
		{3511259D-C90C-46E2-986D-24655F7F6EE2} = {B21A1F64-52A0-487A-8736-5DFF5ADE4639}
		{3E75320B-7FFF-4366-8CC4-723C41DF634E} = {1742B31E-121A-4100-B765-327FF63FDF7F}
		{0632FE49-5148-46B1-9DC7-D9F784AA4594} = {1742B31E-121A-4100-B765-327FF63FDF7F}
	EndGlobalSection
EndGlobal
